# This file was autogenerated by Stack.
# You should not edit this file by hand.
# For more information, please see the documentation at:
#   https://docs.haskellstack.org/en/stable/lock_files

packages:
- completed:
    hackage: semiring-num-1.6.0.1@sha256:59ffa602781838af2cfdbd99263b48fcfd7d594c64205fe1333b7e1253997288,2886
    pantry-tree:
      size: 1124
      sha256: 991154b7299c14964e9dca7d86fbc82f17ea8c831f8a5be51219d2ea37d9e7b0
  original:
    hackage: semiring-num-1.6.0.1
- completed:
    hackage: probable-0.1.3@sha256:e253e203d1f62b79d9691694023631f66ca932687d6ee7f0d9b6ce4d68727b3b,4976
    pantry-tree:
      size: 720
      sha256: 6577426eeab169b848ec25c87e30313b0ff587368592d643cc549bd3cc982c67
  original:
    hackage: probable-0.1.3
snapshots:
- completed:
    size: 507599
    url: https://raw.githubusercontent.com/commercialhaskell/stackage-snapshots/master/lts/11/10.yaml
    sha256: ebbaab4c207d9e1a83ff9e92557f692e41b07aa19280819de1ebc73b7b46c5ee
  original: lts-11.10
